{
  "name": "app",
  "version": "1.0.0",
  "lockfileVersion": 1,
  "requires": true,
  "dependencies": {
    "autosize": {
      "version": "4.0.2",
      "resolved": "https://registry.npmjs.org/autosize/-/autosize-4.0.2.tgz",
      "integrity": "sha512-jnSyH2d+qdfPGpWlcuhGiHmqBJ6g3X+8T+iRwFrHPLVcdoGJE/x6Qicm6aDHfTsbgZKxyV8UU/YB2p4cjKDRRA=="
    },
    "babel-runtime": {
      "version": "6.26.0",
      "resolved": "https://registry.npmjs.org/babel-runtime/-/babel-runtime-6.26.0.tgz",
      "integrity": "sha1-llxwWGaOgrVde/4E/yM3vItWR/4=",
      "requires": {
        "core-js": "2.6.9",
        "regenerator-runtime": "0.11.1"
      }
    },
    "core-js": {
      "version": "2.6.9",
      "resolved": "https://registry.npmjs.org/core-js/-/core-js-2.6.9.tgz",
      "integrity": "sha512-HOpZf6eXmnl7la+cUdMnLvUxKNqLUzJvgIziQ0DiF3JwSImNphIqdGqzj6hIKyX04MmV0poclQ7+wjWvxQyR2A=="
    },
    "jquery": {
      "version": "3.4.1",
      "resolved": "https://registry.npmjs.org/jquery/-/jquery-3.4.1.tgz",
      "integrity": "sha512-36+AdBzCL+y6qjw5Tx7HgzeGCzC81MDDgaUP8ld2zhx58HdqXGoBd+tHdrBMiyjGQs0Hxs/MLZTu/eHNJJuWPw=="
    },
    "jsbarcode": {
      "version": "3.11.0",
      "resolved": "https://registry.npmjs.org/jsbarcode/-/jsbarcode-3.11.0.tgz",
      "integrity": "sha512-/ozCd7wsa+VIHo9sUc03HneVEQrH7cVWfJolUT/WOW1m8mJ2e3iYZje6C9X3LFHdczlesqFHRpxLtbVsNtjyow=="
    },
    "normalize.css": {
      "version": "8.0.1",
      "resolved": "https://registry.npmjs.org/normalize.css/-/normalize.css-8.0.1.tgz",
      "integrity": "sha512-qizSNPO93t1YUuUhP22btGOo3chcvDFqFaj2TRybP0DMxkHOCTYwp3n34fel4a31ORXy4m1Xq0Gyqpb5m33qIg=="
    },
    "regenerator-runtime": {
      "version": "0.11.1",
      "resolved": "https://registry.npmjs.org/regenerator-runtime/-/regenerator-runtime-0.11.1.tgz",
      "integrity": "sha512-MguG95oij0fC3QV3URf4V2SDYGJhJnJGqvIIgdECeODCT98wSWDAJ94SSuVpYQUoTcGUIL6L4yNB7j1DFFHSBg=="
    },
    "reportbro-designer": {
      "version": "git+https://github.com/GeorgeD19/reportbro-designer.git#e194850cb9cc81425d1c1eb7488345a0e688d67f",
      "requires": {
        "autosize": "3.0.21",
        "babel-runtime": "6.26.0",
        "jquery": "3.4.1",
        "jsbarcode": "3.11.0",
        "spectrum-colorpicker": "1.8.0"
      },
      "dependencies": {
        "autosize": {
          "version": "3.0.21",
          "resolved": "https://registry.npmjs.org/autosize/-/autosize-3.0.21.tgz",
          "integrity": "sha1-8YL0DRd1fZeKE5pMnKQMTA5EhgM="
        }
      }
    },
    "spectrum-colorpicker": {
      "version": "1.8.0",
      "resolved": "https://registry.npmjs.org/spectrum-colorpicker/-/spectrum-colorpicker-1.8.0.tgz",
      "integrity": "sha1-uSbPUALAp3hgtfg1HhwJPGUgAQc="
    }
  }
}
